
Microsoft Visual Studio Solution File, Format Version 12.00
# Visual Studio Version 17
VisualStudioVersion = 17.0.31903.59
MinimumVisualStudioVersion = 10.0.40219.1
Project("{9A19103F-16F7-4668-BE54-9A1E7A4F7556}") = "ConsoleApp", "..\Task01\ConsoleApp\ConsoleApp.csproj", "{3635D1B6-68D0-4183-8020-67C97D35A128}"
EndProject
Project("{FAE04EC0-301F-11D3-BF4B-00C04F79EFBC}") = "WpfApp", "..\Task01\WpfApp\WpfApp.csproj", "{8E67365C-DB84-4DA0-9495-3355D8A020E8}"
EndProject
Project("{9A19103F-16F7-4668-BE54-9A1E7A4F7556}") = "HelperClassLibrary", "HelperClassLibrary\HelperClassLibrary.csproj", "{54E12C1F-7A86-4C25-BCA6-CA4995820402}"
EndProject
Global
	GlobalSection(SolutionConfigurationPlatforms) = preSolution
		Debug|Any CPU = Debug|Any CPU
		Release|Any CPU = Release|Any CPU
	EndGlobalSection
	GlobalSection(ProjectConfigurationPlatforms) = postSolution
		{3635D1B6-68D0-4183-8020-67C97D35A128}.Debug|Any CPU.ActiveCfg = Debug|Any CPU
		{3635D1B6-68D0-4183-8020-67C97D35A128}.Debug|Any CPU.Build.0 = Debug|Any CPU
		{3635D1B6-68D0-4183-8020-67C97D35A128}.Release|Any CPU.ActiveCfg = Release|Any CPU
		{3635D1B6-68D0-4183-8020-67C97D35A128}.Release|Any CPU.Build.0 = Release|Any CPU
		{8E67365C-DB84-4DA0-9495-3355D8A020E8}.Debug|Any CPU.ActiveCfg = Debug|Any CPU
		{8E67365C-DB84-4DA0-9495-3355D8A020E8}.Debug|Any CPU.Build.0 = Debug|Any CPU
		{8E67365C-DB84-4DA0-9495-3355D8A020E8}.Release|Any CPU.ActiveCfg = Release|Any CPU
		{8E67365C-DB84-4DA0-9495-3355D8A020E8}.Release|Any CPU.Build.0 = Release|Any CPU
		{54E12C1F-7A86-4C25-BCA6-CA4995820402}.Debug|Any CPU.ActiveCfg = Debug|Any CPU
		{54E12C1F-7A86-4C25-BCA6-CA4995820402}.Debug|Any CPU.Build.0 = Debug|Any CPU
		{54E12C1F-7A86-4C25-BCA6-CA4995820402}.Release|Any CPU.ActiveCfg = Release|Any CPU
		{54E12C1F-7A86-4C25-BCA6-CA4995820402}.Release|Any CPU.Build.0 = Release|Any CPU
	EndGlobalSection
	GlobalSection(SolutionProperties) = preSolution
		HideSolutionNode = FALSE
	EndGlobalSection
	GlobalSection(ExtensibilityGlobals) = postSolution
		SolutionGuid = {F7450D1D-64E8-4F6B-8E6E-EB61201D76A7}
	EndGlobalSection
EndGlobal
