
Microsoft Visual Studio Solution File, Format Version 12.00
# Visual Studio Version 17
VisualStudioVersion = 17.0.31903.59
MinimumVisualStudioVersion = 10.0.40219.1
Project("{9A19103F-16F7-4668-BE54-9A1E7A4F7556}") = "Task01", "Task01\Task01.csproj", "{3ECEE71B-6F5D-4194-89E6-7EA60001252E}"
EndProject
Project("{9A19103F-16F7-4668-BE54-9A1E7A4F7556}") = "Task02", "Task02\Task02.csproj", "{071418FB-1C73-49BC-86CD-74A58E244A43}"
EndProject
Project("{9A19103F-16F7-4668-BE54-9A1E7A4F7556}") = "Task1.Tests", "Task02.Tests\Task1.Tests.csproj", "{725FA518-4732-4CCB-AE43-281E706B699F}"
EndProject
Global
	GlobalSection(SolutionConfigurationPlatforms) = preSolution
		Debug|Any CPU = Debug|Any CPU
		Release|Any CPU = Release|Any CPU
	EndGlobalSection
	GlobalSection(ProjectConfigurationPlatforms) = postSolution
		{3ECEE71B-6F5D-4194-89E6-7EA60001252E}.Debug|Any CPU.ActiveCfg = Debug|Any CPU
		{3ECEE71B-6F5D-4194-89E6-7EA60001252E}.Debug|Any CPU.Build.0 = Debug|Any CPU
		{3ECEE71B-6F5D-4194-89E6-7EA60001252E}.Release|Any CPU.ActiveCfg = Release|Any CPU
		{3ECEE71B-6F5D-4194-89E6-7EA60001252E}.Release|Any CPU.Build.0 = Release|Any CPU
		{071418FB-1C73-49BC-86CD-74A58E244A43}.Debug|Any CPU.ActiveCfg = Debug|Any CPU
		{071418FB-1C73-49BC-86CD-74A58E244A43}.Debug|Any CPU.Build.0 = Debug|Any CPU
		{071418FB-1C73-49BC-86CD-74A58E244A43}.Release|Any CPU.ActiveCfg = Release|Any CPU
		{071418FB-1C73-49BC-86CD-74A58E244A43}.Release|Any CPU.Build.0 = Release|Any CPU
		{725FA518-4732-4CCB-AE43-281E706B699F}.Debug|Any CPU.ActiveCfg = Debug|Any CPU
		{725FA518-4732-4CCB-AE43-281E706B699F}.Debug|Any CPU.Build.0 = Debug|Any CPU
		{725FA518-4732-4CCB-AE43-281E706B699F}.Release|Any CPU.ActiveCfg = Release|Any CPU
		{725FA518-4732-4CCB-AE43-281E706B699F}.Release|Any CPU.Build.0 = Release|Any CPU
	EndGlobalSection
	GlobalSection(SolutionProperties) = preSolution
		HideSolutionNode = FALSE
	EndGlobalSection
	GlobalSection(ExtensibilityGlobals) = postSolution
		SolutionGuid = {86C5ADED-AD15-4BD2-BCA5-D56A21066C71}
	EndGlobalSection
EndGlobal
